// !$*UTF8*$!
{
	archiveVersion = 1;
	classes = {
	};
	objectVersion = 46;
	objects = {

/* Begin PBXBuildFile section */
		944ABFE01F1E4D3A00662EB0 /* AppDelegate.swift in Sources */ = {isa = PBXBuildFile; fileRef = 944ABFDF1F1E4D3A00662EB0 /* AppDelegate.swift */; };
		944ABFE21F1E4D3A00662EB0 /* ViewController.swift in Sources */ = {isa = PBXBuildFile; fileRef = 944ABFE11F1E4D3A00662EB0 /* ViewController.swift */; };
		944ABFE51F1E4D3A00662EB0 /* Main.storyboard in Resources */ = {isa = PBXBuildFile; fileRef = 944ABFE31F1E4D3A00662EB0 /* Main.storyboard */; };
		944ABFE71F1E4D3A00662EB0 /* Assets.xcassets in Resources */ = {isa = PBXBuildFile; fileRef = 944ABFE61F1E4D3A00662EB0 /* Assets.xcassets */; };
		944ABFEA1F1E4D3A00662EB0 /* LaunchScreen.storyboard in Resources */ = {isa = PBXBuildFile; fileRef = 944ABFE81F1E4D3A00662EB0 /* LaunchScreen.storyboard */; };
		944ABFF51F1E4D3A00662EB0 /* fash_crdsTests.swift in Sources */ = {isa = PBXBuildFile; fileRef = 944ABFF41F1E4D3A00662EB0 /* fash_crdsTests.swift */; };
		944AC0001F1E4D3A00662EB0 /* fash_crdsUITests.swift in Sources */ = {isa = PBXBuildFile; fileRef = 944ABFFF1F1E4D3A00662EB0 /* fash_crdsUITests.swift */; };
/* End PBXBuildFile section */

/* Begin PBXContainerItemProxy section */
		944ABFF11F1E4D3A00662EB0 /* PBXContainerItemProxy */ = {
			isa = PBXContainerItemProxy;
			containerPortal = 944ABFD41F1E4D3A00662EB0 /* Project object */;
			proxyType = 1;
			remoteGlobalIDString = 944ABFDB1F1E4D3A00662EB0;
			remoteInfo = "fash crds";
		};
		944ABFFC1F1E4D3A00662EB0 /* PBXContainerItemProxy */ = {
			isa = PBXContainerItemProxy;
			containerPortal = 944ABFD41F1E4D3A00662EB0 /* Project object */;
			proxyType = 1;
			remoteGlobalIDString = 944ABFDB1F1E4D3A00662EB0;
			remoteInfo = "fash crds";
		};
/* End PBXContainerItemProxy section */

/* Begin PBXFileReference section */
		944ABFDC1F1E4D3A00662EB0 /* fash crds.app */ = {isa = PBXFileReference; explicitFileType = wrapper.application; includeInIndex = 0; path = "fash crds.app"; sourceTree = BUILT_PRODUCTS_DIR; };
		944ABFDF1F1E4D3A00662EB0 /* AppDelegate.swift */ = {isa = PBXFileReference; lastKnownFileType = sourcecode.swift; path = AppDelegate.swift; sourceTree = "<group>"; };
		944ABFE11F1E4D3A00662EB0 /* ViewController.swift */ = {isa = PBXFileReference; lastKnownFileType = sourcecode.swift; path = ViewController.swift; sourceTree = "<group>"; };
		944ABFE41F1E4D3A00662EB0 /* Base */ = {isa = PBXFileReference; lastKnownFileType = file.storyboard; name = Base; path = Base.lproj/Main.storyboard; sourceTree = "<group>"; };
		944ABFE61F1E4D3A00662EB0 /* Assets.xcassets */ = {isa = PBXFileReference; lastKnownFileType = folder.assetcatalog; path = Assets.xcassets; sourceTree = "<group>"; };
		944ABFE91F1E4D3A00662EB0 /* Base */ = {isa = PBXFileReference; lastKnownFileType = file.storyboard; name = Base; path = Base.lproj/LaunchScreen.storyboard; sourceTree = "<group>"; };
		944ABFEB1F1E4D3A00662EB0 /* Info.plist */ = {isa = PBXFileReference; lastKnownFileType = text.plist.xml; path = Info.plist; sourceTree = "<group>"; };
		944ABFF01F1E4D3A00662EB0 /* fash crdsTests.xctest */ = {isa = PBXFileReference; explicitFileType = wrapper.cfbundle; includeInIndex = 0; path = "fash crdsTests.xctest"; sourceTree = BUILT_PRODUCTS_DIR; };
		944ABFF41F1E4D3A00662EB0 /* fash_crdsTests.swift */ = {isa = PBXFileReference; lastKnownFileType = sourcecode.swift; path = fash_crdsTests.swift; sourceTree = "<group>"; };
		944ABFF61F1E4D3A00662EB0 /* Info.plist */ = {isa = PBXFileReference; lastKnownFileType = text.plist.xml; path = Info.plist; sourceTree = "<group>"; };
		944ABFFB1F1E4D3A00662EB0 /* fash crdsUITests.xctest */ = {isa = PBXFileReference; explicitFileType = wrapper.cfbundle; includeInIndex = 0; path = "fash crdsUITests.xctest"; sourceTree = BUILT_PRODUCTS_DIR; };
		944ABFFF1F1E4D3A00662EB0 /* fash_crdsUITests.swift */ = {isa = PBXFileReference; lastKnownFileType = sourcecode.swift; path = fash_crdsUITests.swift; sourceTree = "<group>"; };
		944AC0011F1E4D3A00662EB0 /* Info.plist */ = {isa = PBXFileReference; lastKnownFileType = text.plist.xml; path = Info.plist; sourceTree = "<group>"; };
/* End PBXFileReference section */

/* Begin PBXFrameworksBuildPhase section */
		944ABFD91F1E4D3A00662EB0 /* Frameworks */ = {
			isa = PBXFrameworksBuildPhase;
			buildActionMask = 2147483647;
			files = (
			);
			runOnlyForDeploymentPostprocessing = 0;
		};
		944ABFED1F1E4D3A00662EB0 /* Frameworks */ = {
			isa = PBXFrameworksBuildPhase;
			buildActionMask = 2147483647;
			files = (
			);
			runOnlyForDeploymentPostprocessing = 0;
		};
		944ABFF81F1E4D3A00662EB0 /* Frameworks */ = {
			isa = PBXFrameworksBuildPhase;
			buildActionMask = 2147483647;
			files = (
			);
			runOnlyForDeploymentPostprocessing = 0;
		};
/* End PBXFrameworksBuildPhase section */

/* Begin PBXGroup section */
		944ABFD31F1E4D3A00662EB0 = {
			isa = PBXGroup;
			children = (
				944ABFDE1F1E4D3A00662EB0 /* fash crds */,
				944ABFF31F1E4D3A00662EB0 /* fash crdsTests */,
				944ABFFE1F1E4D3A00662EB0 /* fash crdsUITests */,
				944ABFDD1F1E4D3A00662EB0 /* Products */,
			);
			sourceTree = "<group>";
		};
		944ABFDD1F1E4D3A00662EB0 /* Products */ = {
			isa = PBXGroup;
			children = (
				944ABFDC1F1E4D3A00662EB0 /* fash crds.app */,
				944ABFF01F1E4D3A00662EB0 /* fash crdsTests.xctest */,
				944ABFFB1F1E4D3A00662EB0 /* fash crdsUITests.xctest */,
			);
			name = Products;
			sourceTree = "<group>";
		};
		944ABFDE1F1E4D3A00662EB0 /* fash crds */ = {
			isa = PBXGroup;
			children = (
				944ABFDF1F1E4D3A00662EB0 /* AppDelegate.swift */,
				944ABFE11F1E4D3A00662EB0 /* ViewController.swift */,
				944ABFE31F1E4D3A00662EB0 /* Main.storyboard */,
				944ABFE61F1E4D3A00662EB0 /* Assets.xcassets */,
				944ABFE81F1E4D3A00662EB0 /* LaunchScreen.storyboard */,
				944ABFEB1F1E4D3A00662EB0 /* Info.plist */,
			);
			path = "fash crds";
			sourceTree = "<group>";
		};
		944ABFF31F1E4D3A00662EB0 /* fash crdsTests */ = {
			isa = PBXGroup;
			children = (
				944ABFF41F1E4D3A00662EB0 /* fash_crdsTests.swift */,
				944ABFF61F1E4D3A00662EB0 /* Info.plist */,
			);
			path = "fash crdsTests";
			sourceTree = "<group>";
		};
		944ABFFE1F1E4D3A00662EB0 /* fash crdsUITests */ = {
			isa = PBXGroup;
			children = (
				944ABFFF1F1E4D3A00662EB0 /* fash_crdsUITests.swift */,
				944AC0011F1E4D3A00662EB0 /* Info.plist */,
			);
			path = "fash crdsUITests";
			sourceTree = "<group>";
		};
/* End PBXGroup section */

/* Begin PBXNativeTarget section */
		944ABFDB1F1E4D3A00662EB0 /* fash crds */ = {
			isa = PBXNativeTarget;
			buildConfigurationList = 944AC0041F1E4D3A00662EB0 /* Build configuration list for PBXNativeTarget "fash crds" */;
			buildPhases = (
				944ABFD81F1E4D3A00662EB0 /* Sources */,
				944ABFD91F1E4D3A00662EB0 /* Frameworks */,
				944ABFDA1F1E4D3A00662EB0 /* Resources */,
			);
			buildRules = (
			);
			dependencies = (
			);
			name = "fash crds";
			productName = "fash crds";
			productReference = 944ABFDC1F1E4D3A00662EB0 /* fash crds.app */;
			productType = "com.apple.product-type.application";
		};
		944ABFEF1F1E4D3A00662EB0 /* fash crdsTests */ = {
			isa = PBXNativeTarget;
			buildConfigurationList = 944AC0071F1E4D3A00662EB0 /* Build configuration list for PBXNativeTarget "fash crdsTests" */;
			buildPhases = (
				944ABFEC1F1E4D3A00662EB0 /* Sources */,
				944ABFED1F1E4D3A00662EB0 /* Frameworks */,
				944ABFEE1F1E4D3A00662EB0 /* Resources */,
			);
			buildRules = (
			);
			dependencies = (
				944ABFF21F1E4D3A00662EB0 /* PBXTargetDependency */,
			);
			name = "fash crdsTests";
			productName = "fash crdsTests";
			productReference = 944ABFF01F1E4D3A00662EB0 /* fash crdsTests.xctest */;
			productType = "com.apple.product-type.bundle.unit-test";
		};
		944ABFFA1F1E4D3A00662EB0 /* fash crdsUITests */ = {
			isa = PBXNativeTarget;
			buildConfigurationList = 944AC00A1F1E4D3A00662EB0 /* Build configuration list for PBXNativeTarget "fash crdsUITests" */;
			buildPhases = (
				944ABFF71F1E4D3A00662EB0 /* Sources */,
				944ABFF81F1E4D3A00662EB0 /* Frameworks */,
				944ABFF91F1E4D3A00662EB0 /* Resources */,
			);
			buildRules = (
			);
			dependencies = (
				944ABFFD1F1E4D3A00662EB0 /* PBXTargetDependency */,
			);
			name = "fash crdsUITests";
			productName = "fash crdsUITests";
			productReference = 944ABFFB1F1E4D3A00662EB0 /* fash crdsUITests.xctest */;
			productType = "com.apple.product-type.bundle.ui-testing";
		};
/* End PBXNativeTarget section */

/* Begin PBXProject section */
		944ABFD41F1E4D3A00662EB0 /* Project object */ = {
			isa = PBXProject;
			attributes = {
				LastSwiftUpdateCheck = 0830;
				LastUpgradeCheck = 0830;
				ORGANIZATIONNAME = "iD Student";
				TargetAttributes = {
					944ABFDB1F1E4D3A00662EB0 = {
						CreatedOnToolsVersion = 8.3.1;
						ProvisioningStyle = Automatic;
					};
					944ABFEF1F1E4D3A00662EB0 = {
						CreatedOnToolsVersion = 8.3.1;
						ProvisioningStyle = Automatic;
						TestTargetID = 944ABFDB1F1E4D3A00662EB0;
					};
					944ABFFA1F1E4D3A00662EB0 = {
						CreatedOnToolsVersion = 8.3.1;
						ProvisioningStyle = Automatic;
						TestTargetID = 944ABFDB1F1E4D3A00662EB0;
					};
				};
			};
			buildConfigurationList = 944ABFD71F1E4D3A00662EB0 /* Build configuration list for PBXProject "fash crds" */;
			compatibilityVersion = "Xcode 3.2";
			developmentRegion = English;
			hasScannedForEncodings = 0;
			knownRegions = (
				en,
				Base,
			);
			mainGroup = 944ABFD31F1E4D3A00662EB0;
			productRefGroup = 944ABFDD1F1E4D3A00662EB0 /* Products */;
			projectDirPath = "";
			projectRoot = "";
			targets = (
				944ABFDB1F1E4D3A00662EB0 /* fash crds */,
				944ABFEF1F1E4D3A00662EB0 /* fash crdsTests */,
				944ABFFA1F1E4D3A00662EB0 /* fash crdsUITests */,
			);
		};
/* End PBXProject section */

/* Begin PBXResourcesBuildPhase section */
		944ABFDA1F1E4D3A00662EB0 /* Resources */ = {
			isa = PBXResourcesBuildPhase;
			buildActionMask = 2147483647;
			files = (
				944ABFEA1F1E4D3A00662EB0 /* LaunchScreen.storyboard in Resources */,
				944ABFE71F1E4D3A00662EB0 /* Assets.xcassets in Resources */,
				944ABFE51F1E4D3A00662EB0 /* Main.storyboard in Resources */,
			);
			runOnlyForDeploymentPostprocessing = 0;
		};
		944ABFEE1F1E4D3A00662EB0 /* Resources */ = {
			isa = PBXResourcesBuildPhase;
			buildActionMask = 2147483647;
			files = (
			);
			runOnlyForDeploymentPostprocessing = 0;
		};
		944ABFF91F1E4D3A00662EB0 /* Resources */ = {
			isa = PBXResourcesBuildPhase;
			buildActionMask = 2147483647;
			files = (
			);
			runOnlyForDeploymentPostprocessing = 0;
		};
/* End PBXResourcesBuildPhase section */

/* Begin PBXSourcesBuildPhase section */
		944ABFD81F1E4D3A00662EB0 /* Sources */ = {
			isa = PBXSourcesBuildPhase;
			buildActionMask = 2147483647;
			files = (
				944ABFE21F1E4D3A00662EB0 /* ViewController.swift in Sources */,
				944ABFE01F1E4D3A00662EB0 /* AppDelegate.swift in Sources */,
			);
			runOnlyForDeploymentPostprocessing = 0;
		};
		944ABFEC1F1E4D3A00662EB0 /* Sources */ = {
			isa = PBXSourcesBuildPhase;
			buildActionMask = 2147483647;
			files = (
				944ABFF51F1E4D3A00662EB0 /* fash_crdsTests.swift in Sources */,
			);
			runOnlyForDeploymentPostprocessing = 0;
		};
		944ABFF71F1E4D3A00662EB0 /* Sources */ = {
			isa = PBXSourcesBuildPhase;
			buildActionMask = 2147483647;
			files = (
				944AC0001F1E4D3A00662EB0 /* fash_crdsUITests.swift in Sources */,
			);
			runOnlyForDeploymentPostprocessing = 0;
		};
/* End PBXSourcesBuildPhase section */

/* Begin PBXTargetDependency section */
		944ABFF21F1E4D3A00662EB0 /* PBXTargetDependency */ = {
			isa = PBXTargetDependency;
			target = 944ABFDB1F1E4D3A00662EB0 /* fash crds */;
			targetProxy = 944ABFF11F1E4D3A00662EB0 /* PBXContainerItemProxy */;
		};
		944ABFFD1F1E4D3A00662EB0 /* PBXTargetDependency */ = {
			isa = PBXTargetDependency;
			target = 944ABFDB1F1E4D3A00662EB0 /* fash crds */;
			targetProxy = 944ABFFC1F1E4D3A00662EB0 /* PBXContainerItemProxy */;
		};
/* End PBXTargetDependency section */

/* Begin PBXVariantGroup section */
		944ABFE31F1E4D3A00662EB0 /* Main.storyboard */ = {
			isa = PBXVariantGroup;
			children = (
				944ABFE41F1E4D3A00662EB0 /* Base */,
			);
			name = Main.storyboard;
			sourceTree = "<group>";
		};
		944ABFE81F1E4D3A00662EB0 /* LaunchScreen.storyboard */ = {
			isa = PBXVariantGroup;
			children = (
				944ABFE91F1E4D3A00662EB0 /* Base */,
			);
			name = LaunchScreen.storyboard;
			sourceTree = "<group>";
		};
/* End PBXVariantGroup section */

/* Begin XCBuildConfiguration section */
		944AC0021F1E4D3A00662EB0 /* Debug */ = {
			isa = XCBuildConfiguration;
			buildSettings = {
				ALWAYS_SEARCH_USER_PATHS = NO;
				CLANG_ANALYZER_NONNULL = YES;
				CLANG_ANALYZER_NUMBER_OBJECT_CONVERSION = YES_AGGRESSIVE;
				CLANG_CXX_LANGUAGE_STANDARD = "gnu++0x";
				CLANG_CXX_LIBRARY = "libc++";
				CLANG_ENABLE_MODULES = YES;
				CLANG_ENABLE_OBJC_ARC = YES;
				CLANG_WARN_BOOL_CONVERSION = YES;
				CLANG_WARN_CONSTANT_CONVERSION = YES;
				CLANG_WARN_DIRECT_OBJC_ISA_USAGE = YES_ERROR;
				CLANG_WARN_DOCUMENTATION_COMMENTS = YES;
				CLANG_WARN_EMPTY_BODY = YES;
				CLANG_WARN_ENUM_CONVERSION = YES;
				CLANG_WARN_INFINITE_RECURSION = YES;
				CLANG_WARN_INT_CONVERSION = YES;
				CLANG_WARN_OBJC_ROOT_CLASS = YES_ERROR;
				CLANG_WARN_SUSPICIOUS_MOVE = YES;
				CLANG_WARN_UNREACHABLE_CODE = YES;
				CLANG_WARN__DUPLICATE_METHOD_MATCH = YES;
				"CODE_SIGN_IDENTITY[sdk=iphoneos*]" = "iPhone Developer";
				COPY_PHASE_STRIP = NO;
				DEBUG_INFORMATION_FORMAT = dwarf;
				ENABLE_STRICT_OBJC_MSGSEND = YES;
				ENABLE_TESTABILITY = YES;
				GCC_C_LANGUAGE_STANDARD = gnu99;
				GCC_DYNAMIC_NO_PIC = NO;
				GCC_NO_COMMON_BLOCKS = YES;
				GCC_OPTIMIZATION_LEVEL = 0;
				GCC_PREPROCESSOR_DEFINITIONS = (
					"DEBUG=1",
					"$(inherited)",
				);
				GCC_WARN_64_TO_32_BIT_CONVERSION = YES;
				GCC_WARN_ABOUT_RETURN_TYPE = YES_ERROR;
				GCC_WARN_UNDECLARED_SELECTOR = YES;
				GCC_WARN_UNINITIALIZED_AUTOS = YES_AGGRESSIVE;
				GCC_WARN_UNUSED_FUNCTION = YES;
				GCC_WARN_UNUSED_VARIABLE = YES;
				IPHONEOS_DEPLOYMENT_TARGET = 10.3;
				MTL_ENABLE_DEBUG_INFO = YES;
				ONLY_ACTIVE_ARCH = YES;
				SDKROOT = iphoneos;
				SWIFT_ACTIVE_COMPILATION_CONDITIONS = DEBUG;
				SWIFT_OPTIMIZATION_LEVEL = "-Onone";
				TARGETED_DEVICE_FAMILY = "1,2";
			};
			name = Debug;
		};
		944AC0031F1E4D3A00662EB0 /* Release */ = {
			isa = XCBuildConfiguration;
			buildSettings = {
				ALWAYS_SEARCH_USER_PATHS = NO;
				CLANG_ANALYZER_NONNULL = YES;
				CLANG_ANALYZER_NUMBER_OBJECT_CONVERSION = YES_AGGRESSIVE;
				CLANG_CXX_LANGUAGE_STANDARD = "gnu++0x";
				CLANG_CXX_LIBRARY = "libc++";
				CLANG_ENABLE_MODULES = YES;
				CLANG_ENABLE_OBJC_ARC = YES;
				CLANG_WARN_BOOL_CONVERSION = YES;
				CLANG_WARN_CONSTANT_CONVERSION = YES;
				CLANG_WARN_DIRECT_OBJC_ISA_USAGE = YES_ERROR;
				CLANG_WARN_DOCUMENTATION_COMMENTS = YES;
				CLANG_WARN_EMPTY_BODY = YES;
				CLANG_WARN_ENUM_CONVERSION = YES;
				CLANG_WARN_INFINITE_RECURSION = YES;
				CLANG_WARN_INT_CONVERSION = YES;
				CLANG_WARN_OBJC_ROOT_CLASS = YES_ERROR;
				CLANG_WARN_SUSPICIOUS_MOVE = YES;
				CLANG_WARN_UNREACHABLE_CODE = YES;
				CLANG_WARN__DUPLICATE_METHOD_MATCH = YES;
				"CODE_SIGN_IDENTITY[sdk=iphoneos*]" = "iPhone Developer";
				COPY_PHASE_STRIP = NO;
				DEBUG_INFORMATION_FORMAT = "dwarf-with-dsym";
				ENABLE_NS_ASSERTIONS = NO;
				ENABLE_STRICT_OBJC_MSGSEND = YES;
				GCC_C_LANGUAGE_STANDARD = gnu99;
				GCC_NO_COMMON_BLOCKS = YES;
				GCC_WARN_64_TO_32_BIT_CONVERSION = YES;
				GCC_WARN_ABOUT_RETURN_TYPE = YES_ERROR;
				GCC_WARN_UNDECLARED_SELECTOR = YES;
				GCC_WARN_UNINITIALIZED_AUTOS = YES_AGGRESSIVE;
				GCC_WARN_UNUSED_FUNCTION = YES;
				GCC_WARN_UNUSED_VARIABLE = YES;
				IPHONEOS_DEPLOYMENT_TARGET = 10.3;
				MTL_ENABLE_DEBUG_INFO = NO;
				SDKROOT = iphoneos;
				SWIFT_OPTIMIZATION_LEVEL = "-Owholemodule";
				TARGETED_DEVICE_FAMILY = "1,2";
				VALIDATE_PRODUCT = YES;
			};
			name = Release;
		};
		944AC0051F1E4D3A00662EB0 /* Debug */ = {
			isa = XCBuildConfiguration;
			buildSettings = {
				ASSETCATALOG_COMPILER_APPICON_NAME = AppIcon;
				INFOPLIST_FILE = "fash crds/Info.plist";
				LD_RUNPATH_SEARCH_PATHS = "$(inherited) @executable_path/Frameworks";
				PRODUCT_BUNDLE_IDENTIFIER = "sad-town.fash-crds";
				PRODUCT_NAME = "$(TARGET_NAME)";
				SWIFT_VERSION = 3.0;
			};
			name = Debug;
		};
		944AC0061F1E4D3A00662EB0 /* Release */ = {
			isa = XCBuildConfiguration;
			buildSettings = {
				ASSETCATALOG_COMPILER_APPICON_NAME = AppIcon;
				INFOPLIST_FILE = "fash crds/Info.plist";
				LD_RUNPATH_SEARCH_PATHS = "$(inherited) @executable_path/Frameworks";
				PRODUCT_BUNDLE_IDENTIFIER = "sad-town.fash-crds";
				PRODUCT_NAME = "$(TARGET_NAME)";
				SWIFT_VERSION = 3.0;
			};
			name = Release;
		};
		944AC0081F1E4D3A00662EB0 /* Debug */ = {
			isa = XCBuildConfiguration;
			buildSettings = {
				ALWAYS_EMBED_SWIFT_STANDARD_LIBRARIES = YES;
				BUNDLE_LOADER = "$(TEST_HOST)";
				INFOPLIST_FILE = "fash crdsTests/Info.plist";
				LD_RUNPATH_SEARCH_PATHS = "$(inherited) @executable_path/Frameworks @loader_path/Frameworks";
				PRODUCT_BUNDLE_IDENTIFIER = "sad-town.fash-crdsTests";
				PRODUCT_NAME = "$(TARGET_NAME)";
				SWIFT_VERSION = 3.0;
				TEST_HOST = "$(BUILT_PRODUCTS_DIR)/fash crds.app/fash crds";
			};
			name = Debug;
		};
		944AC0091F1E4D3A00662EB0 /* Release */ = {
			isa = XCBuildConfiguration;
			buildSettings = {
				ALWAYS_EMBED_SWIFT_STANDARD_LIBRARIES = YES;
				BUNDLE_LOADER = "$(TEST_HOST)";
				INFOPLIST_FILE = "fash crdsTests/Info.plist";
				LD_RUNPATH_SEARCH_PATHS = "$(inherited) @executable_path/Frameworks @loader_path/Frameworks";
				PRODUCT_BUNDLE_IDENTIFIER = "sad-town.fash-crdsTests";
				PRODUCT_NAME = "$(TARGET_NAME)";
				SWIFT_VERSION = 3.0;
				TEST_HOST = "$(BUILT_PRODUCTS_DIR)/fash crds.app/fash crds";
			};
			name = Release;
		};
		944AC00B1F1E4D3A00662EB0 /* Debug */ = {
			isa = XCBuildConfiguration;
			buildSettings = {
				ALWAYS_EMBED_SWIFT_STANDARD_LIBRARIES = YES;
				INFOPLIST_FILE = "fash crdsUITests/Info.plist";
				LD_RUNPATH_SEARCH_PATHS = "$(inherited) @executable_path/Frameworks @loader_path/Frameworks";
				PRODUCT_BUNDLE_IDENTIFIER = "sad-town.fash-crdsUITests";
				PRODUCT_NAME = "$(TARGET_NAME)";
				SWIFT_VERSION = 3.0;
				TEST_TARGET_NAME = "fash crds";
			};
			name = Debug;
		};
		944AC00C1F1E4D3A00662EB0 /* Release */ = {
			isa = XCBuildConfiguration;
			buildSettings = {
				ALWAYS_EMBED_SWIFT_STANDARD_LIBRARIES = YES;
				INFOPLIST_FILE = "fash crdsUITests/Info.plist";
				LD_RUNPATH_SEARCH_PATHS = "$(inherited) @executable_path/Frameworks @loader_path/Frameworks";
				PRODUCT_BUNDLE_IDENTIFIER = "sad-town.fash-crdsUITests";
				PRODUCT_NAME = "$(TARGET_NAME)";
				SWIFT_VERSION = 3.0;
				TEST_TARGET_NAME = "fash crds";
			};
			name = Release;
		};
/* End XCBuildConfiguration section */

/* Begin XCConfigurationList section */
		944ABFD71F1E4D3A00662EB0 /* Build configuration list for PBXProject "fash crds" */ = {
			isa = XCConfigurationList;
			buildConfigurations = (
				944AC0021F1E4D3A00662EB0 /* Debug */,
				944AC0031F1E4D3A00662EB0 /* Release */,
			);
			defaultConfigurationIsVisible = 0;
			defaultConfigurationName = Release;
		};
		944AC0041F1E4D3A00662EB0 /* Build configuration list for PBXNativeTarget "fash crds" */ = {
			isa = XCConfigurationList;
			buildConfigurations = (
				944AC0051F1E4D3A00662EB0 /* Debug */,
				944AC0061F1E4D3A00662EB0 /* Release */,
			);
			defaultConfigurationIsVisible = 0;
		};
		944AC0071F1E4D3A00662EB0 /* Build configuration list for PBXNativeTarget "fash crdsTests" */ = {
			isa = XCConfigurationList;
			buildConfigurations = (
				944AC0081F1E4D3A00662EB0 /* Debug */,
				944AC0091F1E4D3A00662EB0 /* Release */,
			);
			defaultConfigurationIsVisible = 0;
		};
		944AC00A1F1E4D3A00662EB0 /* Build configuration list for PBXNativeTarget "fash crdsUITests" */ = {
			isa = XCConfigurationList;
			buildConfigurations = (
				944AC00B1F1E4D3A00662EB0 /* Debug */,
				944AC00C1F1E4D3A00662EB0 /* Release */,
			);
			defaultConfigurationIsVisible = 0;
		};
/* End XCConfigurationList section */
	};
	rootObject = 944ABFD41F1E4D3A00662EB0 /* Project object */;
}
